
Microsoft Visual Studio Solution File, Format Version 12.00
# Visual Studio Version 16
VisualStudioVersion = 16.0.29709.97
MinimumVisualStudioVersion = 10.0.40219.1
Project("{FAE04EC0-301F-11D3-BF4B-00C04F79EFBC}") = "PanPizza", "PanPizza\PanPizza.csproj", "{4B7F2FEB-85C6-4260-B303-6A8F7FFAB06B}"
EndProject
Global
	GlobalSection(SolutionConfigurationPlatforms) = preSolution
		Debug|Any CPU = Debug|Any CPU
		Release|Any CPU = Release|Any CPU
	EndGlobalSection
	GlobalSection(ProjectConfigurationPlatforms) = postSolution
		{4B7F2FEB-85C6-4260-B303-6A8F7FFAB06B}.Debug|Any CPU.ActiveCfg = Debug|Any CPU
		{4B7F2FEB-85C6-4260-B303-6A8F7FFAB06B}.Debug|Any CPU.Build.0 = Debug|Any CPU
		{4B7F2FEB-85C6-4260-B303-6A8F7FFAB06B}.Release|Any CPU.ActiveCfg = Release|Any CPU
		{4B7F2FEB-85C6-4260-B303-6A8F7FFAB06B}.Release|Any CPU.Build.0 = Release|Any CPU
	EndGlobalSection
	GlobalSection(SolutionProperties) = preSolution
		HideSolutionNode = FALSE
	EndGlobalSection
	GlobalSection(ExtensibilityGlobals) = postSolution
		SolutionGuid = {F740CFBF-FD3D-4BA8-87F7-1F63C2210079}
	EndGlobalSection
EndGlobal
